
Microsoft Visual Studio Solution File, Format Version 12.00
# Visual Studio Version 17
VisualStudioVersion = 17.13.35818.85 d17.13
MinimumVisualStudioVersion = 10.0.40219.1
Project("{FAE04EC0-301F-11D3-BF4B-00C04F79EFBC}") = "NumRemover", "NumRemover.csproj", "{198C5D37-2192-4654-BDF5-7B9DD2C678A2}"
EndProject
Global
	GlobalSection(SolutionConfigurationPlatforms) = preSolution
		Debug|Any CPU = Debug|Any CPU
		Release|Any CPU = Release|Any CPU
	EndGlobalSection
	GlobalSection(ProjectConfigurationPlatforms) = postSolution
		{198C5D37-2192-4654-BDF5-7B9DD2C678A2}.Debug|Any CPU.ActiveCfg = Debug|Any CPU
		{198C5D37-2192-4654-BDF5-7B9DD2C678A2}.Debug|Any CPU.Build.0 = Debug|Any CPU
		{198C5D37-2192-4654-BDF5-7B9DD2C678A2}.Release|Any CPU.ActiveCfg = Release|Any CPU
		{198C5D37-2192-4654-BDF5-7B9DD2C678A2}.Release|Any CPU.Build.0 = Release|Any CPU
	EndGlobalSection
	GlobalSection(SolutionProperties) = preSolution
		HideSolutionNode = FALSE
	EndGlobalSection
	GlobalSection(ExtensibilityGlobals) = postSolution
		SolutionGuid = {27ACF6E6-89C8-4A72-B957-E53E1C9BE965}
	EndGlobalSection
EndGlobal
